# THIS IS AN AUTOGENERATED FILE. DO NOT EDIT THIS FILE DIRECTLY.
# yarn lockfile v1


"@types/react-resize-detector@^6.1.0":
  version "6.1.0"
  resolved "https://registry.yarnpkg.com/@types/react-resize-detector/-/react-resize-detector-6.1.0.tgz#a90fcd74728dacbec6bd4d948af64f6e107ac611"
  integrity sha512-runvF8/keQK3ipyjb7Ez2RKtaOZgrpqEN2PVCp93B/WavgFEeogFMnplMu4OuhpQHwpcu9UbqFiT2cPWoCWmWQ==
  dependencies:
    react-resize-detector "*"

"@types/resize-observer-browser@^0.1.5":
  version "0.1.5"
  resolved "https://registry.yarnpkg.com/@types/resize-observer-browser/-/resize-observer-browser-0.1.5.tgz#36d897708172ac2380cd486da7a3daf1161c1e23"
  integrity sha512-8k/67Z95Goa6Lznuykxkfhq9YU3l1Qe6LNZmwde1u7802a3x8v44oq0j91DICclxatTr0rNnhXx7+VTIetSrSQ==

lodash.debounce@^4.0.8:
  version "4.0.8"
  resolved "https://registry.yarnpkg.com/lodash.debounce/-/lodash.debounce-4.0.8.tgz#82d79bff30a67c4005ffd5e2515300ad9ca4d7af"
  integrity sha1-gteb/zCmfEAF/9XiUVMArZyk168=

lodash.throttle@^4.1.1:
  version "4.1.1"
  resolved "https://registry.yarnpkg.com/lodash.throttle/-/lodash.throttle-4.1.1.tgz#c23e91b710242ac70c37f1e1cda9274cc39bf2f4"
  integrity sha1-wj6RtxAkKscMN/HhzaknTMOb8vQ=

react-resize-detector@*, react-resize-detector@^6.7.2:
  version "6.7.2"
  resolved "https://registry.yarnpkg.com/react-resize-detector/-/react-resize-detector-6.7.2.tgz#780901b8b5f6a26cccbb12fc0518e03196d58c50"
  integrity sha512-+W8DcJtXHXUa3NtBe8jw26IGs7rDTZNaLz7LefbqN1nvTVqZD4ThC6el3XNPHaIL9498nSYGnjLLYkSXlR3eOA==
  dependencies:
    "@types/resize-observer-browser" "^0.1.5"
    lodash.debounce "^4.0.8"
    lodash.throttle "^4.1.1"
    resize-observer-polyfill "^1.5.1"

resize-observer-polyfill@^1.5.1:
  version "1.5.1"
  resolved "https://registry.yarnpkg.com/resize-observer-polyfill/-/resize-observer-polyfill-1.5.1.tgz#0e9020dd3d21024458d4ebd27e23e40269810464"
  integrity sha512-LwZrotdHOo12nQuZlHEmtuXdqGoOD0OhaxopaNFxWzInpEgaLWoVuAMbTzixuosCx2nEG58ngzW3vxdWoxIgdg==
